PODS:
  - Alamofire (5.4.1)
  - Kingfisher (6.1.0)
  - RxCocoa (6.0.0):
    - RxRelay (= 6.0.0)
    - RxSwift (= 6.0.0)
  - RxRelay (6.0.0):
    - RxSwift (= 6.0.0)
  - RxSwift (6.0.0)
  - SwiftIcons (3.0)
  - TPKeyboardAvoidingSwift (3.2)
  - UIDeviceComplete (2.7.5)

DEPENDENCIES:
  - Alamofire (~> 5.2)
  - Kingfisher (~> 6.0)
  - RxCocoa (= 6.0.0)
  - RxSwift (= 6.0.0)
  - SwiftIcons (~> 3.0)
  - TPKeyboardAvoidingSwift
  - UIDeviceComplete

SPEC REPOS:
  trunk:
    - Alamofire
    - Kingfisher
    - RxCocoa
    - RxRelay
    - RxSwift
    - SwiftIcons
    - TPKeyboardAvoidingSwift
    - UIDeviceComplete

SPEC CHECKSUMS:
  Alamofire: 2291f7d21ca607c491dd17642e5d40fdcda0e65c
  Kingfisher: f5d8d60a0ef3edd642fd781bae60918599901aff
  RxCocoa: 3f79328fafa3645b34600f37c31e64c73ae3a80e
  RxRelay: 8d593be109c06ea850df027351beba614b012ffb
  RxSwift: c14e798c59b9f6e9a2df8fd235602e85cc044295
  SwiftIcons: 3b748e57d9eee0c7c8d3bdbf2d742c0b1b4c6172
  TPKeyboardAvoidingSwift: ce1a75e0bc3af6b485f8bfa1d0a8320cfc565851
  UIDeviceComplete: ead9a68a210d381ae20e6dc17d17690bdb7c9e70

PODFILE CHECKSUM: 5c5e0fbe7d543d19e220a5b40c82eb47c43e4d4c

COCOAPODS: 1.10.0
